
Microsoft Visual Studio Solution File, Format Version 12.00
# Visual Studio Version 16
VisualStudioVersion = 16.0.28803.202
MinimumVisualStudioVersion = 10.0.40219.1
Project("{9A19103F-16F7-4668-BE54-9A1E7A4F7556}") = "WebApplication2", "WebApplication2\WebApplication2.csproj", "{06152DD6-1C0F-488C-8819-F218C0C5761C}"
EndProject
Global
	GlobalSection(SolutionConfigurationPlatforms) = preSolution
		Debug|Any CPU = Debug|Any CPU
		Release|Any CPU = Release|Any CPU
	EndGlobalSection
	GlobalSection(ProjectConfigurationPlatforms) = postSolution
		{06152DD6-1C0F-488C-8819-F218C0C5761C}.Debug|Any CPU.ActiveCfg = Debug|Any CPU
		{06152DD6-1C0F-488C-8819-F218C0C5761C}.Debug|Any CPU.Build.0 = Debug|Any CPU
		{06152DD6-1C0F-488C-8819-F218C0C5761C}.Release|Any CPU.ActiveCfg = Release|Any CPU
		{06152DD6-1C0F-488C-8819-F218C0C5761C}.Release|Any CPU.Build.0 = Release|Any CPU
	EndGlobalSection
	GlobalSection(SolutionProperties) = preSolution
		HideSolutionNode = FALSE
	EndGlobalSection
	GlobalSection(ExtensibilityGlobals) = postSolution
		SolutionGuid = {EE1887AD-EFD3-485E-BBEE-3DE56FBCF937}
	EndGlobalSection
EndGlobal
